
Microsoft Visual Studio Solution File, Format Version 12.00
# Visual Studio Version 17
VisualStudioVersion = 17.8.34330.188
MinimumVisualStudioVersion = 10.0.40219.1
Project("{FAE04EC0-301F-11D3-BF4B-00C04F79EFBC}") = "ProcurandoNemo", "ProcurandoNemo\ProcurandoNemo.csproj", "{A0B0869C-0823-48B7-A08D-0245595178C8}"
EndProject
Project("{FAE04EC0-301F-11D3-BF4B-00C04F79EFBC}") = "ProcurandoNemoUnitTests", "ProcurandoNemoUnitTests\ProcurandoNemoUnitTests.csproj", "{035BED4A-84B8-4079-AA2C-B3D29DCF641C}"
EndProject
Global
	GlobalSection(SolutionConfigurationPlatforms) = preSolution
		Debug|Any CPU = Debug|Any CPU
		Release|Any CPU = Release|Any CPU
	EndGlobalSection
	GlobalSection(ProjectConfigurationPlatforms) = postSolution
		{A0B0869C-0823-48B7-A08D-0245595178C8}.Debug|Any CPU.ActiveCfg = Debug|Any CPU
		{A0B0869C-0823-48B7-A08D-0245595178C8}.Debug|Any CPU.Build.0 = Debug|Any CPU
		{A0B0869C-0823-48B7-A08D-0245595178C8}.Release|Any CPU.ActiveCfg = Release|Any CPU
		{A0B0869C-0823-48B7-A08D-0245595178C8}.Release|Any CPU.Build.0 = Release|Any CPU
		{035BED4A-84B8-4079-AA2C-B3D29DCF641C}.Debug|Any CPU.ActiveCfg = Debug|Any CPU
		{035BED4A-84B8-4079-AA2C-B3D29DCF641C}.Debug|Any CPU.Build.0 = Debug|Any CPU
		{035BED4A-84B8-4079-AA2C-B3D29DCF641C}.Release|Any CPU.ActiveCfg = Release|Any CPU
		{035BED4A-84B8-4079-AA2C-B3D29DCF641C}.Release|Any CPU.Build.0 = Release|Any CPU
	EndGlobalSection
	GlobalSection(SolutionProperties) = preSolution
		HideSolutionNode = FALSE
	EndGlobalSection
	GlobalSection(ExtensibilityGlobals) = postSolution
		SolutionGuid = {70AF5904-24FD-4FD6-8823-B4237C83FB87}
	EndGlobalSection
EndGlobal
