
Microsoft Visual Studio Solution File, Format Version 12.00
# Visual Studio Version 17
VisualStudioVersion = 17.8.34408.163
MinimumVisualStudioVersion = 10.0.40219.1
Project("{FAE04EC0-301F-11D3-BF4B-00C04F79EFBC}") = "Espetos de Churrasco", "Espetos de Churrasco\Espetos de Churrasco.csproj", "{F46642A1-9EE2-4C45-8E95-455A21603075}"
EndProject
Project("{FAE04EC0-301F-11D3-BF4B-00C04F79EFBC}") = "EspetosDeChurrascoUnitTests", "EspetosDeChurrascoTests\EspetosDeChurrascoUnitTests.csproj", "{A2CBF894-629E-4C83-94D9-11EC80902EA6}"
EndProject
Global
	GlobalSection(SolutionConfigurationPlatforms) = preSolution
		Debug|Any CPU = Debug|Any CPU
		Release|Any CPU = Release|Any CPU
	EndGlobalSection
	GlobalSection(ProjectConfigurationPlatforms) = postSolution
		{F46642A1-9EE2-4C45-8E95-455A21603075}.Debug|Any CPU.ActiveCfg = Debug|Any CPU
		{F46642A1-9EE2-4C45-8E95-455A21603075}.Debug|Any CPU.Build.0 = Debug|Any CPU
		{F46642A1-9EE2-4C45-8E95-455A21603075}.Release|Any CPU.ActiveCfg = Release|Any CPU
		{F46642A1-9EE2-4C45-8E95-455A21603075}.Release|Any CPU.Build.0 = Release|Any CPU
		{A2CBF894-629E-4C83-94D9-11EC80902EA6}.Debug|Any CPU.ActiveCfg = Debug|Any CPU
		{A2CBF894-629E-4C83-94D9-11EC80902EA6}.Debug|Any CPU.Build.0 = Debug|Any CPU
		{A2CBF894-629E-4C83-94D9-11EC80902EA6}.Release|Any CPU.ActiveCfg = Release|Any CPU
		{A2CBF894-629E-4C83-94D9-11EC80902EA6}.Release|Any CPU.Build.0 = Release|Any CPU
	EndGlobalSection
	GlobalSection(SolutionProperties) = preSolution
		HideSolutionNode = FALSE
	EndGlobalSection
	GlobalSection(ExtensibilityGlobals) = postSolution
		SolutionGuid = {E255910E-1566-4B8E-8AE8-A3EA6E1C17D3}
	EndGlobalSection
EndGlobal
